
Microsoft Visual Studio Solution File, Format Version 12.00
# Visual Studio 2015
Project("{FAE04EC0-301F-11D3-BF4B-00C04F79EFBC}") = "Sticks (2)", "Sticks (2).csproj", "{871E499D-EF10-2097-200F-167D091EC25A}"
EndProject
Global
	GlobalSection(SolutionConfigurationPlatforms) = preSolution
		Debug|Any CPU = Debug|Any CPU
		Release|Any CPU = Release|Any CPU
	EndGlobalSection
	GlobalSection(ProjectConfigurationPlatforms) = postSolution
		{871E499D-EF10-2097-200F-167D091EC25A}.Debug|Any CPU.ActiveCfg = Debug|Any CPU
		{871E499D-EF10-2097-200F-167D091EC25A}.Debug|Any CPU.Build.0 = Debug|Any CPU
		{871E499D-EF10-2097-200F-167D091EC25A}.Release|Any CPU.ActiveCfg = Release|Any CPU
		{871E499D-EF10-2097-200F-167D091EC25A}.Release|Any CPU.Build.0 = Release|Any CPU
	EndGlobalSection
	GlobalSection(SolutionProperties) = preSolution
		HideSolutionNode = FALSE
	EndGlobalSection
EndGlobal
